// !$*UTF8*$!
{
	archiveVersion = 1;
	classes = {
	};
	objectVersion = 46;
	objects = {

/* Begin PBXBuildFile section */
		BB01F17A121F2C92000558D1 /* FMTwitterKit.h in Headers */ = {isa = PBXBuildFile; fileRef = BB01F179121F2C92000558D1 /* FMTwitterKit.h */; settings = {ATTRIBUTES = (Public, ); }; };
		BB646A4B121E6E620015EB6B /* Cocoa.framework in Frameworks */ = {isa = PBXBuildFile; fileRef = BB646A4A121E6E620015EB6B /* Cocoa.framework */; };
		BB646A50121E6E620015EB6B /* InfoPlist.strings in Resources */ = {isa = PBXBuildFile; fileRef = BB646A4E121E6E620015EB6B /* InfoPlist.strings */; };
		BB646A5C121E6E9F0015EB6B /* FMTweet.h in Headers */ = {isa = PBXBuildFile; fileRef = BB646A56121E6E9F0015EB6B /* FMTweet.h */; settings = {ATTRIBUTES = (Public, ); }; };
		BB646A5D121E6E9F0015EB6B /* FMTweet.m in Sources */ = {isa = PBXBuildFile; fileRef = BB646A57121E6E9F0015EB6B /* FMTweet.m */; };
		BB646A5E121E6E9F0015EB6B /* FMTweetFactory.h in Headers */ = {isa = PBXBuildFile; fileRef = BB646A58121E6E9F0015EB6B /* FMTweetFactory.h */; settings = {ATTRIBUTES = (Public, ); }; };
		BB646A5F121E6E9F0015EB6B /* FMTweetFactory.m in Sources */ = {isa = PBXBuildFile; fileRef = BB646A59121E6E9F0015EB6B /* FMTweetFactory.m */; };
		BB646A60121E6E9F0015EB6B /* FMTwitterUser.h in Headers */ = {isa = PBXBuildFile; fileRef = BB646A5A121E6E9F0015EB6B /* FMTwitterUser.h */; settings = {ATTRIBUTES = (Public, ); }; };
		BB646A61121E6E9F0015EB6B /* FMTwitterUser.m in Sources */ = {isa = PBXBuildFile; fileRef = BB646A5B121E6E9F0015EB6B /* FMTwitterUser.m */; };
		BB89AC19129DB98F00750089 /* bird-bigger.png in Resources */ = {isa = PBXBuildFile; fileRef = BB89AC16129DB98F00750089 /* bird-bigger.png */; };
		BB89AC1A129DB98F00750089 /* bird-normal.png in Resources */ = {isa = PBXBuildFile; fileRef = BB89AC17129DB98F00750089 /* bird-normal.png */; };
		BB89AC1B129DB98F00750089 /* bird-small.png in Resources */ = {isa = PBXBuildFile; fileRef = BB89AC18129DB98F00750089 /* bird-small.png */; };
		BBE6E350129D4AF900B2677E /* FMTwitterKitGlobals.h in Headers */ = {isa = PBXBuildFile; fileRef = BBE6E34F129D4AF900B2677E /* FMTwitterKitGlobals.h */; settings = {ATTRIBUTES = (Public, ); }; };
		BBE6E569129D5E0A00B2677E /* TwitterKitTestAppDelegate.m in Sources */ = {isa = PBXBuildFile; fileRef = BBE6E55A129D5E0700B2677E /* TwitterKitTestAppDelegate.m */; };
		BBE6E56A129D5E0A00B2677E /* ViewController.m in Sources */ = {isa = PBXBuildFile; fileRef = BBE6E55C129D5E0700B2677E /* ViewController.m */; };
		BBE6E56B129D5E0A00B2677E /* main.m in Sources */ = {isa = PBXBuildFile; fileRef = BBE6E55F129D5E0700B2677E /* main.m */; };
		BBE6E6CF129D5ED800B2677E /* FMTwitterKit.framework in Frameworks */ = {isa = PBXBuildFile; fileRef = BB646A48121E6E620015EB6B /* FMTwitterKit.framework */; };
		BBE6E6D2129D5EE000B2677E /* Cocoa.framework in Frameworks */ = {isa = PBXBuildFile; fileRef = BB646A4A121E6E620015EB6B /* Cocoa.framework */; };
		BBE6E6D7129D5F1500B2677E /* MainMenu.xib in Resources */ = {isa = PBXBuildFile; fileRef = BBE6E6D5129D5F1500B2677E /* MainMenu.xib */; };
		BBE6E6E5129D5F4600B2677E /* FMTwitterKit.framework in CopyFiles */ = {isa = PBXBuildFile; fileRef = BB646A48121E6E620015EB6B /* FMTwitterKit.framework */; };
		BBE6E747129D622C00B2677E /* InfoPlist.strings in Resources */ = {isa = PBXBuildFile; fileRef = BBE6E746129D622C00B2677E /* InfoPlist.strings */; };
/* End PBXBuildFile section */

/* Begin PBXContainerItemProxy section */
		BBE6E6DC129D5F2900B2677E /* PBXContainerItemProxy */ = {
			isa = PBXContainerItemProxy;
			containerPortal = BB646A3A121E6E620015EB6B /* Project object */;
			proxyType = 1;
			remoteGlobalIDString = BB646A47121E6E620015EB6B;
			remoteInfo = FMTwitterKit;
		};
/* End PBXContainerItemProxy section */

/* Begin PBXCopyFilesBuildPhase section */
		BBE6E6E2129D5F3E00B2677E /* CopyFiles */ = {
			isa = PBXCopyFilesBuildPhase;
			buildActionMask = 2147483647;
			dstPath = "";
			dstSubfolderSpec = 10;
			files = (
				BBE6E6E5129D5F4600B2677E /* FMTwitterKit.framework in CopyFiles */,
			);
			runOnlyForDeploymentPostprocessing = 0;
		};
/* End PBXCopyFilesBuildPhase section */

/* Begin PBXFileReference section */
		BB01F179121F2C92000558D1 /* FMTwitterKit.h */ = {isa = PBXFileReference; fileEncoding = 4; lastKnownFileType = sourcecode.c.h; path = FMTwitterKit.h; sourceTree = "<group>"; };
		BB646A48121E6E620015EB6B /* FMTwitterKit.framework */ = {isa = PBXFileReference; explicitFileType = wrapper.framework; includeInIndex = 0; path = FMTwitterKit.framework; sourceTree = BUILT_PRODUCTS_DIR; };
		BB646A4A121E6E620015EB6B /* Cocoa.framework */ = {isa = PBXFileReference; lastKnownFileType = wrapper.framework; name = Cocoa.framework; path = System/Library/Frameworks/Cocoa.framework; sourceTree = SDKROOT; };
		BB646A4C121E6E620015EB6B /* FMTwitterKit-Info.plist */ = {isa = PBXFileReference; lastKnownFileType = text.plist.xml; path = "FMTwitterKit-Info.plist"; sourceTree = "<group>"; };
		BB646A4D121E6E620015EB6B /* FMTwitterKit_Prefix.pch */ = {isa = PBXFileReference; lastKnownFileType = sourcecode.c.h; path = FMTwitterKit_Prefix.pch; sourceTree = "<group>"; };
		BB646A4F121E6E620015EB6B /* en */ = {isa = PBXFileReference; lastKnownFileType = text.plist.strings; name = en; path = en.lproj/InfoPlist.strings; sourceTree = "<group>"; };
		BB646A56121E6E9F0015EB6B /* FMTweet.h */ = {isa = PBXFileReference; fileEncoding = 4; lastKnownFileType = sourcecode.c.h; path = FMTweet.h; sourceTree = "<group>"; };
		BB646A57121E6E9F0015EB6B /* FMTweet.m */ = {isa = PBXFileReference; fileEncoding = 4; lastKnownFileType = sourcecode.c.objc; path = FMTweet.m; sourceTree = "<group>"; };
		BB646A58121E6E9F0015EB6B /* FMTweetFactory.h */ = {isa = PBXFileReference; fileEncoding = 4; lastKnownFileType = sourcecode.c.h; path = FMTweetFactory.h; sourceTree = "<group>"; };
		BB646A59121E6E9F0015EB6B /* FMTweetFactory.m */ = {isa = PBXFileReference; fileEncoding = 4; lastKnownFileType = sourcecode.c.objc; path = FMTweetFactory.m; sourceTree = "<group>"; };
		BB646A5A121E6E9F0015EB6B /* FMTwitterUser.h */ = {isa = PBXFileReference; fileEncoding = 4; lastKnownFileType = sourcecode.c.h; path = FMTwitterUser.h; sourceTree = "<group>"; };
		BB646A5B121E6E9F0015EB6B /* FMTwitterUser.m */ = {isa = PBXFileReference; fileEncoding = 4; lastKnownFileType = sourcecode.c.objc; path = FMTwitterUser.m; sourceTree = "<group>"; };
		BB89AC16129DB98F00750089 /* bird-bigger.png */ = {isa = PBXFileReference; lastKnownFileType = image.png; path = "bird-bigger.png"; sourceTree = "<group>"; };
		BB89AC17129DB98F00750089 /* bird-normal.png */ = {isa = PBXFileReference; lastKnownFileType = image.png; path = "bird-normal.png"; sourceTree = "<group>"; };
		BB89AC18129DB98F00750089 /* bird-small.png */ = {isa = PBXFileReference; lastKnownFileType = image.png; path = "bird-small.png"; sourceTree = "<group>"; };
		BBE6E34F129D4AF900B2677E /* FMTwitterKitGlobals.h */ = {isa = PBXFileReference; fileEncoding = 4; lastKnownFileType = sourcecode.c.h; path = FMTwitterKitGlobals.h; sourceTree = "<group>"; };
		BBE6E537129D5D8800B2677E /* TwitterKitTest.app */ = {isa = PBXFileReference; explicitFileType = wrapper.application; includeInIndex = 0; path = TwitterKitTest.app; sourceTree = BUILT_PRODUCTS_DIR; };
		BBE6E559129D5E0700B2677E /* TwitterKitTestAppDelegate.h */ = {isa = PBXFileReference; fileEncoding = 4; lastKnownFileType = sourcecode.c.h; path = TwitterKitTestAppDelegate.h; sourceTree = "<group>"; };
		BBE6E55A129D5E0700B2677E /* TwitterKitTestAppDelegate.m */ = {isa = PBXFileReference; fileEncoding = 4; lastKnownFileType = sourcecode.c.objc; path = TwitterKitTestAppDelegate.m; sourceTree = "<group>"; };
		BBE6E55B129D5E0700B2677E /* ViewController.h */ = {isa = PBXFileReference; fileEncoding = 4; lastKnownFileType = sourcecode.c.h; path = ViewController.h; sourceTree = "<group>"; };
		BBE6E55C129D5E0700B2677E /* ViewController.m */ = {isa = PBXFileReference; fileEncoding = 4; lastKnownFileType = sourcecode.c.objc; path = ViewController.m; sourceTree = "<group>"; };
		BBE6E55E129D5E0700B2677E /* TwitterKitTest_Prefix.pch */ = {isa = PBXFileReference; fileEncoding = 4; lastKnownFileType = sourcecode.c.h; path = TwitterKitTest_Prefix.pch; sourceTree = "<group>"; };
		BBE6E55F129D5E0700B2677E /* main.m */ = {isa = PBXFileReference; fileEncoding = 4; lastKnownFileType = sourcecode.c.objc; path = main.m; sourceTree = "<group>"; };
		BBE6E561129D5E0700B2677E /* TwitterKitTest-Info.plist */ = {isa = PBXFileReference; fileEncoding = 4; lastKnownFileType = text.plist.xml; path = "TwitterKitTest-Info.plist"; sourceTree = "<group>"; };
		BBE6E6D6129D5F1500B2677E /* English */ = {isa = PBXFileReference; lastKnownFileType = file.xib; name = English; path = English.lproj/MainMenu.xib; sourceTree = "<group>"; };
		BBE6E737129D616E00B2677E /* English */ = {isa = PBXFileReference; fileEncoding = 4; lastKnownFileType = text.plist.strings; name = English; path = English.lproj/InfoPlist.strings; sourceTree = "<group>"; };
/* End PBXFileReference section */

/* Begin PBXFrameworksBuildPhase section */
		BB646A44121E6E620015EB6B /* Frameworks */ = {
			isa = PBXFrameworksBuildPhase;
			buildActionMask = 2147483647;
			files = (
				BB646A4B121E6E620015EB6B /* Cocoa.framework in Frameworks */,
			);
			runOnlyForDeploymentPostprocessing = 0;
		};
		BBE6E535129D5D8800B2677E /* Frameworks */ = {
			isa = PBXFrameworksBuildPhase;
			buildActionMask = 2147483647;
			files = (
				BBE6E6CF129D5ED800B2677E /* FMTwitterKit.framework in Frameworks */,
				BBE6E6D2129D5EE000B2677E /* Cocoa.framework in Frameworks */,
			);
			runOnlyForDeploymentPostprocessing = 0;
		};
/* End PBXFrameworksBuildPhase section */

/* Begin PBXGroup section */
		BB646A38121E6E620015EB6B = {
			isa = PBXGroup;
			children = (
				BB646A3F121E6E620015EB6B /* Classes */,
				BB646A40121E6E620015EB6B /* Other Sources */,
				BB646A41121E6E620015EB6B /* Resources */,
				BBE6E53D129D5DA300B2677E /* Test Application */,
				BB646A42121E6E620015EB6B /* Frameworks */,
				BB646A49121E6E620015EB6B /* Products */,
			);
			sourceTree = "<group>";
		};
		BB646A3F121E6E620015EB6B /* Classes */ = {
			isa = PBXGroup;
			children = (
				BB646A58121E6E9F0015EB6B /* FMTweetFactory.h */,
				BB646A59121E6E9F0015EB6B /* FMTweetFactory.m */,
				BB646A56121E6E9F0015EB6B /* FMTweet.h */,
				BB646A57121E6E9F0015EB6B /* FMTweet.m */,
				BB646A5A121E6E9F0015EB6B /* FMTwitterUser.h */,
				BB646A5B121E6E9F0015EB6B /* FMTwitterUser.m */,
			);
			path = Classes;
			sourceTree = "<group>";
		};
		BB646A40121E6E620015EB6B /* Other Sources */ = {
			isa = PBXGroup;
			children = (
				BB01F179121F2C92000558D1 /* FMTwitterKit.h */,
				BBE6E34F129D4AF900B2677E /* FMTwitterKitGlobals.h */,
				BB646A4D121E6E620015EB6B /* FMTwitterKit_Prefix.pch */,
			);
			name = "Other Sources";
			sourceTree = "<group>";
		};
		BB646A41121E6E620015EB6B /* Resources */ = {
			isa = PBXGroup;
			children = (
				BB89AC11129DB97D00750089 /* images */,
				BB646A4C121E6E620015EB6B /* FMTwitterKit-Info.plist */,
				BB646A4E121E6E620015EB6B /* InfoPlist.strings */,
			);
			name = Resources;
			sourceTree = "<group>";
		};
		BB646A42121E6E620015EB6B /* Frameworks */ = {
			isa = PBXGroup;
			children = (
				BB646A4A121E6E620015EB6B /* Cocoa.framework */,
			);
			name = Frameworks;
			sourceTree = "<group>";
		};
		BB646A49121E6E620015EB6B /* Products */ = {
			isa = PBXGroup;
			children = (
				BB646A48121E6E620015EB6B /* FMTwitterKit.framework */,
				BBE6E537129D5D8800B2677E /* TwitterKitTest.app */,
			);
			name = Products;
			sourceTree = "<group>";
		};
		BB89AC11129DB97D00750089 /* images */ = {
			isa = PBXGroup;
			children = (
				BB89AC16129DB98F00750089 /* bird-bigger.png */,
				BB89AC17129DB98F00750089 /* bird-normal.png */,
				BB89AC18129DB98F00750089 /* bird-small.png */,
			);
			path = images;
			sourceTree = "<group>";
		};
		BBE6E53D129D5DA300B2677E /* Test Application */ = {
			isa = PBXGroup;
			children = (
				BBE6E558129D5E0700B2677E /* Classes */,
				BBE6E55D129D5E0700B2677E /* Other Sources */,
				BBE6E560129D5E0700B2677E /* Resources */,
			);
			path = "Test Application";
			sourceTree = "<group>";
		};
		BBE6E558129D5E0700B2677E /* Classes */ = {
			isa = PBXGroup;
			children = (
				BBE6E559129D5E0700B2677E /* TwitterKitTestAppDelegate.h */,
				BBE6E55A129D5E0700B2677E /* TwitterKitTestAppDelegate.m */,
				BBE6E55B129D5E0700B2677E /* ViewController.h */,
				BBE6E55C129D5E0700B2677E /* ViewController.m */,
			);
			path = Classes;
			sourceTree = "<group>";
		};
		BBE6E55D129D5E0700B2677E /* Other Sources */ = {
			isa = PBXGroup;
			children = (
				BBE6E55E129D5E0700B2677E /* TwitterKitTest_Prefix.pch */,
				BBE6E55F129D5E0700B2677E /* main.m */,
			);
			name = "Other Sources";
			sourceTree = "<group>";
		};
		BBE6E560129D5E0700B2677E /* Resources */ = {
			isa = PBXGroup;
			children = (
				BBE6E746129D622C00B2677E /* InfoPlist.strings */,
				BBE6E6D5129D5F1500B2677E /* MainMenu.xib */,
				BBE6E561129D5E0700B2677E /* TwitterKitTest-Info.plist */,
			);
			name = Resources;
			sourceTree = "<group>";
		};
/* End PBXGroup section */

/* Begin PBXHeadersBuildPhase section */
		BB646A45121E6E620015EB6B /* Headers */ = {
			isa = PBXHeadersBuildPhase;
			buildActionMask = 2147483647;
			files = (
				BB646A5C121E6E9F0015EB6B /* FMTweet.h in Headers */,
				BB646A5E121E6E9F0015EB6B /* FMTweetFactory.h in Headers */,
				BB646A60121E6E9F0015EB6B /* FMTwitterUser.h in Headers */,
				BB01F17A121F2C92000558D1 /* FMTwitterKit.h in Headers */,
				BBE6E350129D4AF900B2677E /* FMTwitterKitGlobals.h in Headers */,
			);
			runOnlyForDeploymentPostprocessing = 0;
		};
/* End PBXHeadersBuildPhase section */

/* Begin PBXNativeTarget section */
		BB646A47121E6E620015EB6B /* FMTwitterKit */ = {
			isa = PBXNativeTarget;
			buildConfigurationList = BB646A53121E6E620015EB6B /* Build configuration list for PBXNativeTarget "FMTwitterKit" */;
			buildPhases = (
				BB646A43121E6E620015EB6B /* Sources */,
				BB646A44121E6E620015EB6B /* Frameworks */,
				BB646A45121E6E620015EB6B /* Headers */,
				BB646A46121E6E620015EB6B /* Resources */,
			);
			buildRules = (
			);
			dependencies = (
			);
			name = FMTwitterKit;
			productName = FMTwitterKit;
			productReference = BB646A48121E6E620015EB6B /* FMTwitterKit.framework */;
			productType = "com.apple.product-type.framework";
		};
		BBE6E536129D5D8800B2677E /* TwitterKitTest */ = {
			isa = PBXNativeTarget;
			buildConfigurationList = BBE6E53C129D5D8900B2677E /* Build configuration list for PBXNativeTarget "TwitterKitTest" */;
			buildPhases = (
				BBE6E533129D5D8800B2677E /* Resources */,
				BBE6E6E2129D5F3E00B2677E /* CopyFiles */,
				BBE6E534129D5D8800B2677E /* Sources */,
				BBE6E535129D5D8800B2677E /* Frameworks */,
			);
			buildRules = (
			);
			dependencies = (
				BBE6E6DD129D5F2900B2677E /* PBXTargetDependency */,
			);
			name = TwitterKitTest;
			productName = TwitterKitTest;
			productReference = BBE6E537129D5D8800B2677E /* TwitterKitTest.app */;
			productType = "com.apple.product-type.application";
		};
/* End PBXNativeTarget section */

/* Begin PBXProject section */
		BB646A3A121E6E620015EB6B /* Project object */ = {
			isa = PBXProject;
			attributes = {
				ORGANIZATIONNAME = "Felix Morgner";
			};
			buildConfigurationList = BB646A3D121E6E620015EB6B /* Build configuration list for PBXProject "FMTwitterKit" */;
			compatibilityVersion = "Xcode 3.2";
			developmentRegion = English;
			hasScannedForEncodings = 0;
			knownRegions = (
				en,
				English,
			);
			mainGroup = BB646A38121E6E620015EB6B;
			productRefGroup = BB646A49121E6E620015EB6B /* Products */;
			projectDirPath = "";
			projectRoot = "";
			targets = (
				BB646A47121E6E620015EB6B /* FMTwitterKit */,
				BBE6E536129D5D8800B2677E /* TwitterKitTest */,
			);
		};
/* End PBXProject section */

/* Begin PBXResourcesBuildPhase section */
		BB646A46121E6E620015EB6B /* Resources */ = {
			isa = PBXResourcesBuildPhase;
			buildActionMask = 2147483647;
			files = (
				BB646A50121E6E620015EB6B /* InfoPlist.strings in Resources */,
				BB89AC19129DB98F00750089 /* bird-bigger.png in Resources */,
				BB89AC1A129DB98F00750089 /* bird-normal.png in Resources */,
				BB89AC1B129DB98F00750089 /* bird-small.png in Resources */,
			);
			runOnlyForDeploymentPostprocessing = 0;
		};
		BBE6E533129D5D8800B2677E /* Resources */ = {
			isa = PBXResourcesBuildPhase;
			buildActionMask = 2147483647;
			files = (
				BBE6E6D7129D5F1500B2677E /* MainMenu.xib in Resources */,
				BBE6E747129D622C00B2677E /* InfoPlist.strings in Resources */,
			);
			runOnlyForDeploymentPostprocessing = 0;
		};
/* End PBXResourcesBuildPhase section */

/* Begin PBXSourcesBuildPhase section */
		BB646A43121E6E620015EB6B /* Sources */ = {
			isa = PBXSourcesBuildPhase;
			buildActionMask = 2147483647;
			files = (
				BB646A5D121E6E9F0015EB6B /* FMTweet.m in Sources */,
				BB646A5F121E6E9F0015EB6B /* FMTweetFactory.m in Sources */,
				BB646A61121E6E9F0015EB6B /* FMTwitterUser.m in Sources */,
			);
			runOnlyForDeploymentPostprocessing = 0;
		};
		BBE6E534129D5D8800B2677E /* Sources */ = {
			isa = PBXSourcesBuildPhase;
			buildActionMask = 2147483647;
			files = (
				BBE6E569129D5E0A00B2677E /* TwitterKitTestAppDelegate.m in Sources */,
				BBE6E56A129D5E0A00B2677E /* ViewController.m in Sources */,
				BBE6E56B129D5E0A00B2677E /* main.m in Sources */,
			);
			runOnlyForDeploymentPostprocessing = 0;
		};
/* End PBXSourcesBuildPhase section */

/* Begin PBXTargetDependency section */
		BBE6E6DD129D5F2900B2677E /* PBXTargetDependency */ = {
			isa = PBXTargetDependency;
			target = BB646A47121E6E620015EB6B /* FMTwitterKit */;
			targetProxy = BBE6E6DC129D5F2900B2677E /* PBXContainerItemProxy */;
		};
/* End PBXTargetDependency section */

/* Begin PBXVariantGroup section */
		BB646A4E121E6E620015EB6B /* InfoPlist.strings */ = {
			isa = PBXVariantGroup;
			children = (
				BB646A4F121E6E620015EB6B /* en */,
			);
			name = InfoPlist.strings;
			sourceTree = "<group>";
		};
		BBE6E6D5129D5F1500B2677E /* MainMenu.xib */ = {
			isa = PBXVariantGroup;
			children = (
				BBE6E6D6129D5F1500B2677E /* English */,
			);
			name = MainMenu.xib;
			sourceTree = "<group>";
		};
		BBE6E746129D622C00B2677E /* InfoPlist.strings */ = {
			isa = PBXVariantGroup;
			children = (
				BBE6E737129D616E00B2677E /* English */,
			);
			name = InfoPlist.strings;
			sourceTree = "<group>";
		};
/* End PBXVariantGroup section */

/* Begin XCBuildConfiguration section */
		BB646A51121E6E620015EB6B /* Debug */ = {
			isa = XCBuildConfiguration;
			buildSettings = {
				ARCHS = "$(ARCHS_STANDARD_32_64_BIT)";
				CODE_SIGN_IDENTITY = "3rd Party Mac Developer Application: Felix Morgner";
				GCC_C_LANGUAGE_STANDARD = gnu99;
				GCC_OPTIMIZATION_LEVEL = 0;
				GCC_PREPROCESSOR_DEFINITIONS = DEBUG;
				GCC_VERSION = com.apple.compilers.llvm.clang.1_0;
				GCC_WARN_ABOUT_RETURN_TYPE = YES;
				GCC_WARN_UNUSED_VARIABLE = YES;
				MACOSX_DEPLOYMENT_TARGET = 10.6;
				ONLY_ACTIVE_ARCH = YES;
				PREBINDING = NO;
				SDKROOT = macosx10.6;
				VALID_ARCHS = "i386 x86_64";
			};
			name = Debug;
		};
		BB646A52121E6E620015EB6B /* Release */ = {
			isa = XCBuildConfiguration;
			buildSettings = {
				ARCHS = "$(ARCHS_STANDARD_32_64_BIT)";
				CODE_SIGN_IDENTITY = "3rd Party Mac Developer Application: Felix Morgner";
				GCC_C_LANGUAGE_STANDARD = gnu99;
				GCC_VERSION = com.apple.compilers.llvm.clang.1_0;
				GCC_WARN_ABOUT_RETURN_TYPE = YES;
				GCC_WARN_UNUSED_VARIABLE = YES;
				MACOSX_DEPLOYMENT_TARGET = 10.6;
				PREBINDING = NO;
				SDKROOT = macosx10.6;
				VALID_ARCHS = "i386 x86_64";
			};
			name = Release;
		};
		BB646A54121E6E620015EB6B /* Debug */ = {
			isa = XCBuildConfiguration;
			buildSettings = {
				ALWAYS_SEARCH_USER_PATHS = NO;
				COPY_PHASE_STRIP = NO;
				DYLIB_COMPATIBILITY_VERSION = 1;
				DYLIB_CURRENT_VERSION = 1;
				FRAMEWORK_VERSION = A;
				GCC_DYNAMIC_NO_PIC = NO;
				GCC_ENABLE_OBJC_EXCEPTIONS = YES;
				GCC_MODEL_TUNING = G5;
				GCC_PRECOMPILE_PREFIX_HEADER = YES;
				GCC_PREFIX_HEADER = FMTwitterKit_Prefix.pch;
				INFOPLIST_FILE = "FMTwitterKit-Info.plist";
				INSTALL_PATH = "$(HOME)/Library/Frameworks";
				LD_DYLIB_INSTALL_NAME = "";
				PRODUCT_NAME = FMTwitterKit;
				WRAPPER_EXTENSION = framework;
			};
			name = Debug;
		};
		BB646A55121E6E620015EB6B /* Release */ = {
			isa = XCBuildConfiguration;
			buildSettings = {
				ALWAYS_SEARCH_USER_PATHS = NO;
				COPY_PHASE_STRIP = YES;
				DEBUG_INFORMATION_FORMAT = "dwarf-with-dsym";
				DYLIB_COMPATIBILITY_VERSION = 1;
				DYLIB_CURRENT_VERSION = 1;
				FRAMEWORK_VERSION = A;
				GCC_ENABLE_OBJC_EXCEPTIONS = YES;
				GCC_MODEL_TUNING = G5;
				GCC_PRECOMPILE_PREFIX_HEADER = YES;
				GCC_PREFIX_HEADER = FMTwitterKit_Prefix.pch;
				INFOPLIST_FILE = "FMTwitterKit-Info.plist";
				INSTALL_PATH = "$(HOME)/Library/Frameworks";
				LD_DYLIB_INSTALL_NAME = "";
				PRODUCT_NAME = FMTwitterKit;
				WRAPPER_EXTENSION = framework;
			};
			name = Release;
		};
		BBE6E53A129D5D8900B2677E /* Debug */ = {
			isa = XCBuildConfiguration;
			buildSettings = {
				ALWAYS_SEARCH_USER_PATHS = NO;
				COPY_PHASE_STRIP = NO;
				FRAMEWORK_SEARCH_PATHS = (
					"$(inherited)",
					"\"$(SRCROOT)/Test Application\"",
				);
				GCC_DYNAMIC_NO_PIC = NO;
				GCC_ENABLE_FIX_AND_CONTINUE = YES;
				GCC_MODEL_TUNING = G5;
				GCC_OPTIMIZATION_LEVEL = 0;
				GCC_PRECOMPILE_PREFIX_HEADER = YES;
				GCC_PREFIX_HEADER = "$(SYSTEM_LIBRARY_DIR)/Frameworks/AppKit.framework/Headers/AppKit.h";
				INFOPLIST_FILE = "Test Application/TwitterKitTest-Info.plist";
				INSTALL_PATH = "$(HOME)/Applications";
				OTHER_LDFLAGS = (
					"-framework",
					Foundation,
					"-framework",
					AppKit,
				);
				PREBINDING = NO;
				PRODUCT_NAME = TwitterKitTest;
			};
			name = Debug;
		};
		BBE6E53B129D5D8900B2677E /* Release */ = {
			isa = XCBuildConfiguration;
			buildSettings = {
				ALWAYS_SEARCH_USER_PATHS = NO;
				COPY_PHASE_STRIP = YES;
				DEBUG_INFORMATION_FORMAT = "dwarf-with-dsym";
				FRAMEWORK_SEARCH_PATHS = (
					"$(inherited)",
					"\"$(SRCROOT)/Test Application\"",
				);
				GCC_ENABLE_FIX_AND_CONTINUE = NO;
				GCC_MODEL_TUNING = G5;
				GCC_PRECOMPILE_PREFIX_HEADER = YES;
				GCC_PREFIX_HEADER = "$(SYSTEM_LIBRARY_DIR)/Frameworks/AppKit.framework/Headers/AppKit.h";
				INFOPLIST_FILE = "Test Application/TwitterKitTest-Info.plist";
				INSTALL_PATH = "$(HOME)/Applications";
				OTHER_LDFLAGS = (
					"-framework",
					Foundation,
					"-framework",
					AppKit,
				);
				PREBINDING = NO;
				PRODUCT_NAME = TwitterKitTest;
				ZERO_LINK = NO;
			};
			name = Release;
		};
/* End XCBuildConfiguration section */

/* Begin XCConfigurationList section */
		BB646A3D121E6E620015EB6B /* Build configuration list for PBXProject "FMTwitterKit" */ = {
			isa = XCConfigurationList;
			buildConfigurations = (
				BB646A51121E6E620015EB6B /* Debug */,
				BB646A52121E6E620015EB6B /* Release */,
			);
			defaultConfigurationIsVisible = 0;
			defaultConfigurationName = Release;
		};
		BB646A53121E6E620015EB6B /* Build configuration list for PBXNativeTarget "FMTwitterKit" */ = {
			isa = XCConfigurationList;
			buildConfigurations = (
				BB646A54121E6E620015EB6B /* Debug */,
				BB646A55121E6E620015EB6B /* Release */,
			);
			defaultConfigurationIsVisible = 0;
			defaultConfigurationName = Release;
		};
		BBE6E53C129D5D8900B2677E /* Build configuration list for PBXNativeTarget "TwitterKitTest" */ = {
			isa = XCConfigurationList;
			buildConfigurations = (
				BBE6E53A129D5D8900B2677E /* Debug */,
				BBE6E53B129D5D8900B2677E /* Release */,
			);
			defaultConfigurationIsVisible = 0;
			defaultConfigurationName = Release;
		};
/* End XCConfigurationList section */
	};
	rootObject = BB646A3A121E6E620015EB6B /* Project object */;
}
