// !$*UTF8*$!
{
	archiveVersion = 1;
	classes = {
	};
	objectVersion = 46;
	objects = {

/* Begin PBXBuildFile section */
		BB01F17A121F2C92000558D1 /* FMTwitterKit.h in Headers */ = {isa = PBXBuildFile; fileRef = BB01F179121F2C92000558D1 /* FMTwitterKit.h */; settings = {ATTRIBUTES = (Public, ); }; };
		BB646A4B121E6E620015EB6B /* Cocoa.framework in Frameworks */ = {isa = PBXBuildFile; fileRef = BB646A4A121E6E620015EB6B /* Cocoa.framework */; };
		BB646A50121E6E620015EB6B /* InfoPlist.strings in Resources */ = {isa = PBXBuildFile; fileRef = BB646A4E121E6E620015EB6B /* InfoPlist.strings */; };
		BB646A5C121E6E9F0015EB6B /* FMTweet.h in Headers */ = {isa = PBXBuildFile; fileRef = BB646A56121E6E9F0015EB6B /* FMTweet.h */; settings = {ATTRIBUTES = (Public, ); }; };
		BB646A5D121E6E9F0015EB6B /* FMTweet.m in Sources */ = {isa = PBXBuildFile; fileRef = BB646A57121E6E9F0015EB6B /* FMTweet.m */; };
		BB646A5E121E6E9F0015EB6B /* FMTweetFactory.h in Headers */ = {isa = PBXBuildFile; fileRef = BB646A58121E6E9F0015EB6B /* FMTweetFactory.h */; settings = {ATTRIBUTES = (Public, ); }; };
		BB646A5F121E6E9F0015EB6B /* FMTweetFactory.m in Sources */ = {isa = PBXBuildFile; fileRef = BB646A59121E6E9F0015EB6B /* FMTweetFactory.m */; };
		BB646A60121E6E9F0015EB6B /* FMTwitterUser.h in Headers */ = {isa = PBXBuildFile; fileRef = BB646A5A121E6E9F0015EB6B /* FMTwitterUser.h */; settings = {ATTRIBUTES = (Public, ); }; };
		BB646A61121E6E9F0015EB6B /* FMTwitterUser.m in Sources */ = {isa = PBXBuildFile; fileRef = BB646A5B121E6E9F0015EB6B /* FMTwitterUser.m */; };
		BBAF8B8A129ABBD70082DED3 /* FMTwitterUserProfileImageDownloadDelegate.h in Headers */ = {isa = PBXBuildFile; fileRef = BB01554B129A8522007AA066 /* FMTwitterUserProfileImageDownloadDelegate.h */; };
		BBAF8B8B129ABBDC0082DED3 /* FMTwitterUserProfileImageDownloadDelegate.m in Sources */ = {isa = PBXBuildFile; fileRef = BB01554C129A8522007AA066 /* FMTwitterUserProfileImageDownloadDelegate.m */; };
/* End PBXBuildFile section */

/* Begin PBXFileReference section */
		BB01554B129A8522007AA066 /* FMTwitterUserProfileImageDownloadDelegate.h */ = {isa = PBXFileReference; lastKnownFileType = sourcecode.c.h; path = FMTwitterUserProfileImageDownloadDelegate.h; sourceTree = "<group>"; };
		BB01554C129A8522007AA066 /* FMTwitterUserProfileImageDownloadDelegate.m */ = {isa = PBXFileReference; lastKnownFileType = sourcecode.c.objc; path = FMTwitterUserProfileImageDownloadDelegate.m; sourceTree = "<group>"; };
		BB01F179121F2C92000558D1 /* FMTwitterKit.h */ = {isa = PBXFileReference; fileEncoding = 4; lastKnownFileType = sourcecode.c.h; path = FMTwitterKit.h; sourceTree = "<group>"; };
		BB646A48121E6E620015EB6B /* FMTwitterKit.framework */ = {isa = PBXFileReference; explicitFileType = wrapper.framework; includeInIndex = 0; path = FMTwitterKit.framework; sourceTree = BUILT_PRODUCTS_DIR; };
		BB646A4A121E6E620015EB6B /* Cocoa.framework */ = {isa = PBXFileReference; lastKnownFileType = wrapper.framework; name = Cocoa.framework; path = System/Library/Frameworks/Cocoa.framework; sourceTree = SDKROOT; };
		BB646A4C121E6E620015EB6B /* FMTwitterKit-Info.plist */ = {isa = PBXFileReference; lastKnownFileType = text.plist.xml; path = "FMTwitterKit-Info.plist"; sourceTree = "<group>"; };
		BB646A4D121E6E620015EB6B /* FMTwitterKit_Prefix.pch */ = {isa = PBXFileReference; lastKnownFileType = sourcecode.c.h; path = FMTwitterKit_Prefix.pch; sourceTree = "<group>"; };
		BB646A4F121E6E620015EB6B /* en */ = {isa = PBXFileReference; lastKnownFileType = text.plist.strings; name = en; path = en.lproj/InfoPlist.strings; sourceTree = "<group>"; };
		BB646A56121E6E9F0015EB6B /* FMTweet.h */ = {isa = PBXFileReference; fileEncoding = 4; lastKnownFileType = sourcecode.c.h; path = FMTweet.h; sourceTree = "<group>"; };
		BB646A57121E6E9F0015EB6B /* FMTweet.m */ = {isa = PBXFileReference; fileEncoding = 4; lastKnownFileType = sourcecode.c.objc; path = FMTweet.m; sourceTree = "<group>"; };
		BB646A58121E6E9F0015EB6B /* FMTweetFactory.h */ = {isa = PBXFileReference; fileEncoding = 4; lastKnownFileType = sourcecode.c.h; path = FMTweetFactory.h; sourceTree = "<group>"; };
		BB646A59121E6E9F0015EB6B /* FMTweetFactory.m */ = {isa = PBXFileReference; fileEncoding = 4; lastKnownFileType = sourcecode.c.objc; path = FMTweetFactory.m; sourceTree = "<group>"; };
		BB646A5A121E6E9F0015EB6B /* FMTwitterUser.h */ = {isa = PBXFileReference; fileEncoding = 4; lastKnownFileType = sourcecode.c.h; path = FMTwitterUser.h; sourceTree = "<group>"; };
		BB646A5B121E6E9F0015EB6B /* FMTwitterUser.m */ = {isa = PBXFileReference; fileEncoding = 4; lastKnownFileType = sourcecode.c.objc; path = FMTwitterUser.m; sourceTree = "<group>"; };
/* End PBXFileReference section */

/* Begin PBXFrameworksBuildPhase section */
		BB646A44121E6E620015EB6B /* Frameworks */ = {
			isa = PBXFrameworksBuildPhase;
			buildActionMask = 2147483647;
			files = (
				BB646A4B121E6E620015EB6B /* Cocoa.framework in Frameworks */,
			);
			runOnlyForDeploymentPostprocessing = 0;
		};
/* End PBXFrameworksBuildPhase section */

/* Begin PBXGroup section */
		BB646A38121E6E620015EB6B = {
			isa = PBXGroup;
			children = (
				BB646A3F121E6E620015EB6B /* Classes */,
				BB646A40121E6E620015EB6B /* Other Sources */,
				BB646A41121E6E620015EB6B /* Resources */,
				BB646A42121E6E620015EB6B /* Frameworks */,
				BB646A49121E6E620015EB6B /* Products */,
			);
			sourceTree = "<group>";
		};
		BB646A3F121E6E620015EB6B /* Classes */ = {
			isa = PBXGroup;
			children = (
				BB646A58121E6E9F0015EB6B /* FMTweetFactory.h */,
				BB646A59121E6E9F0015EB6B /* FMTweetFactory.m */,
				BB646A56121E6E9F0015EB6B /* FMTweet.h */,
				BB646A57121E6E9F0015EB6B /* FMTweet.m */,
				BB646A5A121E6E9F0015EB6B /* FMTwitterUser.h */,
				BB646A5B121E6E9F0015EB6B /* FMTwitterUser.m */,
				BB01554B129A8522007AA066 /* FMTwitterUserProfileImageDownloadDelegate.h */,
				BB01554C129A8522007AA066 /* FMTwitterUserProfileImageDownloadDelegate.m */,
			);
			path = Classes;
			sourceTree = "<group>";
		};
		BB646A40121E6E620015EB6B /* Other Sources */ = {
			isa = PBXGroup;
			children = (
				BB01F179121F2C92000558D1 /* FMTwitterKit.h */,
				BB646A4D121E6E620015EB6B /* FMTwitterKit_Prefix.pch */,
			);
			name = "Other Sources";
			sourceTree = "<group>";
		};
		BB646A41121E6E620015EB6B /* Resources */ = {
			isa = PBXGroup;
			children = (
				BB646A4C121E6E620015EB6B /* FMTwitterKit-Info.plist */,
				BB646A4E121E6E620015EB6B /* InfoPlist.strings */,
			);
			name = Resources;
			sourceTree = "<group>";
		};
		BB646A42121E6E620015EB6B /* Frameworks */ = {
			isa = PBXGroup;
			children = (
				BB646A4A121E6E620015EB6B /* Cocoa.framework */,
			);
			name = Frameworks;
			sourceTree = "<group>";
		};
		BB646A49121E6E620015EB6B /* Products */ = {
			isa = PBXGroup;
			children = (
				BB646A48121E6E620015EB6B /* FMTwitterKit.framework */,
			);
			name = Products;
			sourceTree = "<group>";
		};
/* End PBXGroup section */

/* Begin PBXHeadersBuildPhase section */
		BB646A45121E6E620015EB6B /* Headers */ = {
			isa = PBXHeadersBuildPhase;
			buildActionMask = 2147483647;
			files = (
				BB646A5C121E6E9F0015EB6B /* FMTweet.h in Headers */,
				BB646A5E121E6E9F0015EB6B /* FMTweetFactory.h in Headers */,
				BB646A60121E6E9F0015EB6B /* FMTwitterUser.h in Headers */,
				BB01F17A121F2C92000558D1 /* FMTwitterKit.h in Headers */,
				BBAF8B8A129ABBD70082DED3 /* FMTwitterUserProfileImageDownloadDelegate.h in Headers */,
			);
			runOnlyForDeploymentPostprocessing = 0;
		};
/* End PBXHeadersBuildPhase section */

/* Begin PBXNativeTarget section */
		BB646A47121E6E620015EB6B /* FMTwitterKit */ = {
			isa = PBXNativeTarget;
			buildConfigurationList = BB646A53121E6E620015EB6B /* Build configuration list for PBXNativeTarget "FMTwitterKit" */;
			buildPhases = (
				BB646A43121E6E620015EB6B /* Sources */,
				BB646A44121E6E620015EB6B /* Frameworks */,
				BB646A45121E6E620015EB6B /* Headers */,
				BB646A46121E6E620015EB6B /* Resources */,
			);
			buildRules = (
			);
			dependencies = (
			);
			name = FMTwitterKit;
			productName = FMTwitterKit;
			productReference = BB646A48121E6E620015EB6B /* FMTwitterKit.framework */;
			productType = "com.apple.product-type.framework";
		};
/* End PBXNativeTarget section */

/* Begin PBXProject section */
		BB646A3A121E6E620015EB6B /* Project object */ = {
			isa = PBXProject;
			attributes = {
				ORGANIZATIONNAME = "Felix Morgner";
			};
			buildConfigurationList = BB646A3D121E6E620015EB6B /* Build configuration list for PBXProject "FMTwitterKit" */;
			compatibilityVersion = "Xcode 3.2";
			developmentRegion = English;
			hasScannedForEncodings = 0;
			knownRegions = (
				en,
			);
			mainGroup = BB646A38121E6E620015EB6B;
			productRefGroup = BB646A49121E6E620015EB6B /* Products */;
			projectDirPath = "";
			projectRoot = "";
			targets = (
				BB646A47121E6E620015EB6B /* FMTwitterKit */,
			);
		};
/* End PBXProject section */

/* Begin PBXResourcesBuildPhase section */
		BB646A46121E6E620015EB6B /* Resources */ = {
			isa = PBXResourcesBuildPhase;
			buildActionMask = 2147483647;
			files = (
				BB646A50121E6E620015EB6B /* InfoPlist.strings in Resources */,
			);
			runOnlyForDeploymentPostprocessing = 0;
		};
/* End PBXResourcesBuildPhase section */

/* Begin PBXSourcesBuildPhase section */
		BB646A43121E6E620015EB6B /* Sources */ = {
			isa = PBXSourcesBuildPhase;
			buildActionMask = 2147483647;
			files = (
				BB646A5D121E6E9F0015EB6B /* FMTweet.m in Sources */,
				BB646A5F121E6E9F0015EB6B /* FMTweetFactory.m in Sources */,
				BB646A61121E6E9F0015EB6B /* FMTwitterUser.m in Sources */,
				BBAF8B8B129ABBDC0082DED3 /* FMTwitterUserProfileImageDownloadDelegate.m in Sources */,
			);
			runOnlyForDeploymentPostprocessing = 0;
		};
/* End PBXSourcesBuildPhase section */

/* Begin PBXVariantGroup section */
		BB646A4E121E6E620015EB6B /* InfoPlist.strings */ = {
			isa = PBXVariantGroup;
			children = (
				BB646A4F121E6E620015EB6B /* en */,
			);
			name = InfoPlist.strings;
			sourceTree = "<group>";
		};
/* End PBXVariantGroup section */

/* Begin XCBuildConfiguration section */
		BB646A51121E6E620015EB6B /* Debug */ = {
			isa = XCBuildConfiguration;
			buildSettings = {
				ARCHS = "$(ARCHS_STANDARD_32_64_BIT)";
				CODE_SIGN_IDENTITY = "3rd Party Mac Developer Application: Felix Morgner";
				GCC_C_LANGUAGE_STANDARD = gnu99;
				GCC_OPTIMIZATION_LEVEL = 0;
				GCC_PREPROCESSOR_DEFINITIONS = DEBUG;
				GCC_VERSION = com.apple.compilers.llvm.clang.1_0;
				GCC_WARN_ABOUT_RETURN_TYPE = YES;
				GCC_WARN_UNUSED_VARIABLE = YES;
				MACOSX_DEPLOYMENT_TARGET = 10.6;
				ONLY_ACTIVE_ARCH = YES;
				PREBINDING = NO;
				SDKROOT = macosx10.6;
				VALID_ARCHS = "i386 x86_64";
			};
			name = Debug;
		};
		BB646A52121E6E620015EB6B /* Release */ = {
			isa = XCBuildConfiguration;
			buildSettings = {
				ARCHS = "$(ARCHS_STANDARD_32_64_BIT)";
				CODE_SIGN_IDENTITY = "3rd Party Mac Developer Application: Felix Morgner";
				GCC_C_LANGUAGE_STANDARD = gnu99;
				GCC_VERSION = com.apple.compilers.llvm.clang.1_0;
				GCC_WARN_ABOUT_RETURN_TYPE = YES;
				GCC_WARN_UNUSED_VARIABLE = YES;
				MACOSX_DEPLOYMENT_TARGET = 10.6;
				PREBINDING = NO;
				SDKROOT = macosx10.6;
				VALID_ARCHS = "i386 x86_64";
			};
			name = Release;
		};
		BB646A54121E6E620015EB6B /* Debug */ = {
			isa = XCBuildConfiguration;
			buildSettings = {
				ALWAYS_SEARCH_USER_PATHS = NO;
				COPY_PHASE_STRIP = NO;
				DYLIB_COMPATIBILITY_VERSION = 1;
				DYLIB_CURRENT_VERSION = 1;
				FRAMEWORK_VERSION = A;
				GCC_DYNAMIC_NO_PIC = NO;
				GCC_ENABLE_OBJC_EXCEPTIONS = YES;
				GCC_MODEL_TUNING = G5;
				GCC_PRECOMPILE_PREFIX_HEADER = YES;
				GCC_PREFIX_HEADER = FMTwitterKit_Prefix.pch;
				INFOPLIST_FILE = "FMTwitterKit-Info.plist";
				INSTALL_PATH = "$(HOME)/Library/Frameworks";
				LD_DYLIB_INSTALL_NAME = "@executable_path/../Frameworks/$(EXECUTABLE_PATH)";
				PRODUCT_NAME = FMTwitterKit;
				WRAPPER_EXTENSION = framework;
			};
			name = Debug;
		};
		BB646A55121E6E620015EB6B /* Release */ = {
			isa = XCBuildConfiguration;
			buildSettings = {
				ALWAYS_SEARCH_USER_PATHS = NO;
				COPY_PHASE_STRIP = YES;
				DEBUG_INFORMATION_FORMAT = "dwarf-with-dsym";
				DYLIB_COMPATIBILITY_VERSION = 1;
				DYLIB_CURRENT_VERSION = 1;
				FRAMEWORK_VERSION = A;
				GCC_ENABLE_OBJC_EXCEPTIONS = YES;
				GCC_MODEL_TUNING = G5;
				GCC_PRECOMPILE_PREFIX_HEADER = YES;
				GCC_PREFIX_HEADER = FMTwitterKit_Prefix.pch;
				INFOPLIST_FILE = "FMTwitterKit-Info.plist";
				INSTALL_PATH = "$(HOME)/Library/Frameworks";
				LD_DYLIB_INSTALL_NAME = "@executable_path/../Frameworks/$(EXECUTABLE_PATH)";
				PRODUCT_NAME = FMTwitterKit;
				WRAPPER_EXTENSION = framework;
			};
			name = Release;
		};
/* End XCBuildConfiguration section */

/* Begin XCConfigurationList section */
		BB646A3D121E6E620015EB6B /* Build configuration list for PBXProject "FMTwitterKit" */ = {
			isa = XCConfigurationList;
			buildConfigurations = (
				BB646A51121E6E620015EB6B /* Debug */,
				BB646A52121E6E620015EB6B /* Release */,
			);
			defaultConfigurationIsVisible = 0;
			defaultConfigurationName = Release;
		};
		BB646A53121E6E620015EB6B /* Build configuration list for PBXNativeTarget "FMTwitterKit" */ = {
			isa = XCConfigurationList;
			buildConfigurations = (
				BB646A54121E6E620015EB6B /* Debug */,
				BB646A55121E6E620015EB6B /* Release */,
			);
			defaultConfigurationIsVisible = 0;
			defaultConfigurationName = Release;
		};
/* End XCConfigurationList section */
	};
	rootObject = BB646A3A121E6E620015EB6B /* Project object */;
}
